
Microsoft Visual Studio Solution File, Format Version 12.00
# Visual Studio Version 17
VisualStudioVersion = 17.3.32811.315
MinimumVisualStudioVersion = 10.0.40219.1
Project("{FAE04EC0-301F-11D3-BF4B-00C04F79EFBC}") = "Day35_ProductReviewManagement", "Day35_ProductReviewManagement.csproj", "{39F30315-1575-4880-852C-FF00F60E595E}"
EndProject
Global
	GlobalSection(SolutionConfigurationPlatforms) = preSolution
		Debug|Any CPU = Debug|Any CPU
		Release|Any CPU = Release|Any CPU
	EndGlobalSection
	GlobalSection(ProjectConfigurationPlatforms) = postSolution
		{39F30315-1575-4880-852C-FF00F60E595E}.Debug|Any CPU.ActiveCfg = Debug|Any CPU
		{39F30315-1575-4880-852C-FF00F60E595E}.Debug|Any CPU.Build.0 = Debug|Any CPU
		{39F30315-1575-4880-852C-FF00F60E595E}.Release|Any CPU.ActiveCfg = Release|Any CPU
		{39F30315-1575-4880-852C-FF00F60E595E}.Release|Any CPU.Build.0 = Release|Any CPU
	EndGlobalSection
	GlobalSection(SolutionProperties) = preSolution
		HideSolutionNode = FALSE
	EndGlobalSection
	GlobalSection(ExtensibilityGlobals) = postSolution
		SolutionGuid = {AE156631-7150-4E26-8970-649120CB6694}
	EndGlobalSection
EndGlobal
